
Microsoft Visual Studio Solution File, Format Version 12.00
# Visual Studio Version 17
VisualStudioVersion = 17.10.35027.167
MinimumVisualStudioVersion = 10.0.40219.1
Project("{9A19103F-16F7-4668-BE54-9A1E7A4F7556}") = "WebUI", "WebUI\WebUI.csproj", "{7A42541F-C6F0-451D-8CAE-8603D43DF322}"
EndProject
Project("{9A19103F-16F7-4668-BE54-9A1E7A4F7556}") = "Data", "Data\Data.csproj", "{D9A868C8-6D41-4871-A4EB-06329F56EAD0}"
EndProject
Project("{9A19103F-16F7-4668-BE54-9A1E7A4F7556}") = "JobScheduler", "JobScheduler\JobScheduler.csproj", "{5B19ACBE-AD9E-47CA-ACFB-BC843848ADF3}"
EndProject
Project("{9A19103F-16F7-4668-BE54-9A1E7A4F7556}") = "Library", "Library\Library.csproj", "{68839BDC-09D5-4B39-81A8-148B7E11D477}"
EndProject
Project("{FAE04EC0-301F-11D3-BF4B-00C04F79EFBC}") = "TagHelpers", "TagHelpers\TagHelpers.csproj", "{ECAE1C07-D03E-45DC-9737-F90C5C67325C}"
EndProject
Global
	GlobalSection(SolutionConfigurationPlatforms) = preSolution
		Debug|Any CPU = Debug|Any CPU
		Release|Any CPU = Release|Any CPU
	EndGlobalSection
	GlobalSection(ProjectConfigurationPlatforms) = postSolution
		{7A42541F-C6F0-451D-8CAE-8603D43DF322}.Debug|Any CPU.ActiveCfg = Debug|Any CPU
		{7A42541F-C6F0-451D-8CAE-8603D43DF322}.Debug|Any CPU.Build.0 = Debug|Any CPU
		{7A42541F-C6F0-451D-8CAE-8603D43DF322}.Release|Any CPU.ActiveCfg = Release|Any CPU
		{7A42541F-C6F0-451D-8CAE-8603D43DF322}.Release|Any CPU.Build.0 = Release|Any CPU
		{D9A868C8-6D41-4871-A4EB-06329F56EAD0}.Debug|Any CPU.ActiveCfg = Debug|Any CPU
		{D9A868C8-6D41-4871-A4EB-06329F56EAD0}.Debug|Any CPU.Build.0 = Debug|Any CPU
		{D9A868C8-6D41-4871-A4EB-06329F56EAD0}.Release|Any CPU.ActiveCfg = Release|Any CPU
		{D9A868C8-6D41-4871-A4EB-06329F56EAD0}.Release|Any CPU.Build.0 = Release|Any CPU
		{5B19ACBE-AD9E-47CA-ACFB-BC843848ADF3}.Debug|Any CPU.ActiveCfg = Debug|Any CPU
		{5B19ACBE-AD9E-47CA-ACFB-BC843848ADF3}.Debug|Any CPU.Build.0 = Debug|Any CPU
		{5B19ACBE-AD9E-47CA-ACFB-BC843848ADF3}.Release|Any CPU.ActiveCfg = Release|Any CPU
		{5B19ACBE-AD9E-47CA-ACFB-BC843848ADF3}.Release|Any CPU.Build.0 = Release|Any CPU
		{68839BDC-09D5-4B39-81A8-148B7E11D477}.Debug|Any CPU.ActiveCfg = Debug|Any CPU
		{68839BDC-09D5-4B39-81A8-148B7E11D477}.Debug|Any CPU.Build.0 = Debug|Any CPU
		{68839BDC-09D5-4B39-81A8-148B7E11D477}.Release|Any CPU.ActiveCfg = Release|Any CPU
		{68839BDC-09D5-4B39-81A8-148B7E11D477}.Release|Any CPU.Build.0 = Release|Any CPU
		{ECAE1C07-D03E-45DC-9737-F90C5C67325C}.Debug|Any CPU.ActiveCfg = Debug|Any CPU
		{ECAE1C07-D03E-45DC-9737-F90C5C67325C}.Debug|Any CPU.Build.0 = Debug|Any CPU
		{ECAE1C07-D03E-45DC-9737-F90C5C67325C}.Release|Any CPU.ActiveCfg = Release|Any CPU
		{ECAE1C07-D03E-45DC-9737-F90C5C67325C}.Release|Any CPU.Build.0 = Release|Any CPU
	EndGlobalSection
	GlobalSection(SolutionProperties) = preSolution
		HideSolutionNode = FALSE
	EndGlobalSection
	GlobalSection(ExtensibilityGlobals) = postSolution
		SolutionGuid = {24FB7289-213C-4D53-B573-A4DAD2BD8F57}
	EndGlobalSection
EndGlobal
